// !$*UTF8*$!
{
	archiveVersion = 1;
	classes = {
	};
	objectVersion = 46;
	objects = {

/* Begin PBXBuildFile section */
		CD7AD91C1F8E9B2900CEDA04 /* AppDelegate.swift in Sources */ = {isa = PBXBuildFile; fileRef = CD7AD91B1F8E9B2900CEDA04 /* AppDelegate.swift */; };
		CD7AD91E1F8E9B2900CEDA04 /* ViewController.swift in Sources */ = {isa = PBXBuildFile; fileRef = CD7AD91D1F8E9B2900CEDA04 /* ViewController.swift */; };
		CD7AD9211F8E9B2900CEDA04 /* Main.storyboard in Resources */ = {isa = PBXBuildFile; fileRef = CD7AD91F1F8E9B2900CEDA04 /* Main.storyboard */; };
		CD7AD9231F8E9B2900CEDA04 /* Assets.xcassets in Resources */ = {isa = PBXBuildFile; fileRef = CD7AD9221F8E9B2900CEDA04 /* Assets.xcassets */; };
		CD7AD9261F8E9B2900CEDA04 /* LaunchScreen.storyboard in Resources */ = {isa = PBXBuildFile; fileRef = CD7AD9241F8E9B2900CEDA04 /* LaunchScreen.storyboard */; };
		CD7AD9301F8E9ECD00CEDA04 /* family.png in Resources */ = {isa = PBXBuildFile; fileRef = CD7AD92D1F8E9ECD00CEDA04 /* family.png */; };
		CD7AD9311F8E9ECD00CEDA04 /* twin.png in Resources */ = {isa = PBXBuildFile; fileRef = CD7AD92E1F8E9ECD00CEDA04 /* twin.png */; };
		CD7AD9321F8E9ECD00CEDA04 /* triple.png in Resources */ = {isa = PBXBuildFile; fileRef = CD7AD92F1F8E9ECD00CEDA04 /* triple.png */; };
		CD7AD9341F8E9F4C00CEDA04 /* doubleViewController.swift in Sources */ = {isa = PBXBuildFile; fileRef = CD7AD9331F8E9F4C00CEDA04 /* doubleViewController.swift */; };
		CD7AD9361F8EA1FA00CEDA04 /* TripleViewController.swift in Sources */ = {isa = PBXBuildFile; fileRef = CD7AD9351F8EA1FA00CEDA04 /* TripleViewController.swift */; };
		CD7AD9381F8EA2E200CEDA04 /* FamilyViewController.swift in Sources */ = {isa = PBXBuildFile; fileRef = CD7AD9371F8EA2E200CEDA04 /* FamilyViewController.swift */; };
		CD7AD93A1F8EA47400CEDA04 /* ReserveViewController.swift in Sources */ = {isa = PBXBuildFile; fileRef = CD7AD9391F8EA47400CEDA04 /* ReserveViewController.swift */; };
		CDC5CF041F8F6E5A003C25C5 /* LastViewController.swift in Sources */ = {isa = PBXBuildFile; fileRef = CDC5CF031F8F6E5A003C25C5 /* LastViewController.swift */; };
/* End PBXBuildFile section */

/* Begin PBXFileReference section */
		CD7AD9181F8E9B2900CEDA04 /* TravelReal.app */ = {isa = PBXFileReference; explicitFileType = wrapper.application; includeInIndex = 0; path = TravelReal.app; sourceTree = BUILT_PRODUCTS_DIR; };
		CD7AD91B1F8E9B2900CEDA04 /* AppDelegate.swift */ = {isa = PBXFileReference; lastKnownFileType = sourcecode.swift; path = AppDelegate.swift; sourceTree = "<group>"; };
		CD7AD91D1F8E9B2900CEDA04 /* ViewController.swift */ = {isa = PBXFileReference; lastKnownFileType = sourcecode.swift; path = ViewController.swift; sourceTree = "<group>"; };
		CD7AD9201F8E9B2900CEDA04 /* Base */ = {isa = PBXFileReference; lastKnownFileType = file.storyboard; name = Base; path = Base.lproj/Main.storyboard; sourceTree = "<group>"; };
		CD7AD9221F8E9B2900CEDA04 /* Assets.xcassets */ = {isa = PBXFileReference; lastKnownFileType = folder.assetcatalog; path = Assets.xcassets; sourceTree = "<group>"; };
		CD7AD9251F8E9B2900CEDA04 /* Base */ = {isa = PBXFileReference; lastKnownFileType = file.storyboard; name = Base; path = Base.lproj/LaunchScreen.storyboard; sourceTree = "<group>"; };
		CD7AD9271F8E9B2900CEDA04 /* Info.plist */ = {isa = PBXFileReference; lastKnownFileType = text.plist.xml; path = Info.plist; sourceTree = "<group>"; };
		CD7AD92D1F8E9ECD00CEDA04 /* family.png */ = {isa = PBXFileReference; lastKnownFileType = image.png; path = family.png; sourceTree = "<group>"; };
		CD7AD92E1F8E9ECD00CEDA04 /* twin.png */ = {isa = PBXFileReference; lastKnownFileType = image.png; path = twin.png; sourceTree = "<group>"; };
		CD7AD92F1F8E9ECD00CEDA04 /* triple.png */ = {isa = PBXFileReference; lastKnownFileType = image.png; path = triple.png; sourceTree = "<group>"; };
		CD7AD9331F8E9F4C00CEDA04 /* doubleViewController.swift */ = {isa = PBXFileReference; fileEncoding = 4; lastKnownFileType = sourcecode.swift; path = doubleViewController.swift; sourceTree = "<group>"; };
		CD7AD9351F8EA1FA00CEDA04 /* TripleViewController.swift */ = {isa = PBXFileReference; fileEncoding = 4; lastKnownFileType = sourcecode.swift; path = TripleViewController.swift; sourceTree = "<group>"; };
		CD7AD9371F8EA2E200CEDA04 /* FamilyViewController.swift */ = {isa = PBXFileReference; fileEncoding = 4; lastKnownFileType = sourcecode.swift; path = FamilyViewController.swift; sourceTree = "<group>"; };
		CD7AD9391F8EA47400CEDA04 /* ReserveViewController.swift */ = {isa = PBXFileReference; fileEncoding = 4; lastKnownFileType = sourcecode.swift; path = ReserveViewController.swift; sourceTree = "<group>"; };
		CDC5CF031F8F6E5A003C25C5 /* LastViewController.swift */ = {isa = PBXFileReference; fileEncoding = 4; lastKnownFileType = sourcecode.swift; path = LastViewController.swift; sourceTree = "<group>"; };
/* End PBXFileReference section */

/* Begin PBXFrameworksBuildPhase section */
		CD7AD9151F8E9B2900CEDA04 /* Frameworks */ = {
			isa = PBXFrameworksBuildPhase;
			buildActionMask = 2147483647;
			files = (
			);
			runOnlyForDeploymentPostprocessing = 0;
		};
/* End PBXFrameworksBuildPhase section */

/* Begin PBXGroup section */
		CD7AD90F1F8E9B2900CEDA04 = {
			isa = PBXGroup;
			children = (
				CD7AD91A1F8E9B2900CEDA04 /* TravelReal */,
				CD7AD9191F8E9B2900CEDA04 /* Products */,
			);
			sourceTree = "<group>";
		};
		CD7AD9191F8E9B2900CEDA04 /* Products */ = {
			isa = PBXGroup;
			children = (
				CD7AD9181F8E9B2900CEDA04 /* TravelReal.app */,
			);
			name = Products;
			sourceTree = "<group>";
		};
		CD7AD91A1F8E9B2900CEDA04 /* TravelReal */ = {
			isa = PBXGroup;
			children = (
				CD7AD92D1F8E9ECD00CEDA04 /* family.png */,
				CD7AD92E1F8E9ECD00CEDA04 /* twin.png */,
				CD7AD92F1F8E9ECD00CEDA04 /* triple.png */,
				CD7AD91B1F8E9B2900CEDA04 /* AppDelegate.swift */,
				CD7AD91D1F8E9B2900CEDA04 /* ViewController.swift */,
				CD7AD91F1F8E9B2900CEDA04 /* Main.storyboard */,
				CD7AD9221F8E9B2900CEDA04 /* Assets.xcassets */,
				CD7AD9241F8E9B2900CEDA04 /* LaunchScreen.storyboard */,
				CD7AD9271F8E9B2900CEDA04 /* Info.plist */,
				CD7AD9331F8E9F4C00CEDA04 /* doubleViewController.swift */,
				CD7AD9351F8EA1FA00CEDA04 /* TripleViewController.swift */,
				CD7AD9371F8EA2E200CEDA04 /* FamilyViewController.swift */,
				CD7AD9391F8EA47400CEDA04 /* ReserveViewController.swift */,
				CDC5CF031F8F6E5A003C25C5 /* LastViewController.swift */,
			);
			path = TravelReal;
			sourceTree = "<group>";
		};
/* End PBXGroup section */

/* Begin PBXNativeTarget section */
		CD7AD9171F8E9B2900CEDA04 /* TravelReal */ = {
			isa = PBXNativeTarget;
			buildConfigurationList = CD7AD92A1F8E9B2900CEDA04 /* Build configuration list for PBXNativeTarget "TravelReal" */;
			buildPhases = (
				CD7AD9141F8E9B2900CEDA04 /* Sources */,
				CD7AD9151F8E9B2900CEDA04 /* Frameworks */,
				CD7AD9161F8E9B2900CEDA04 /* Resources */,
			);
			buildRules = (
			);
			dependencies = (
			);
			name = TravelReal;
			productName = TravelReal;
			productReference = CD7AD9181F8E9B2900CEDA04 /* TravelReal.app */;
			productType = "com.apple.product-type.application";
		};
/* End PBXNativeTarget section */

/* Begin PBXProject section */
		CD7AD9101F8E9B2900CEDA04 /* Project object */ = {
			isa = PBXProject;
			attributes = {
				LastSwiftUpdateCheck = 0830;
				LastUpgradeCheck = 0830;
				ORGANIZATIONNAME = SWUCOMPUTER;
				TargetAttributes = {
					CD7AD9171F8E9B2900CEDA04 = {
						CreatedOnToolsVersion = 8.3.3;
						ProvisioningStyle = Automatic;
					};
				};
			};
			buildConfigurationList = CD7AD9131F8E9B2900CEDA04 /* Build configuration list for PBXProject "TravelReal" */;
			compatibilityVersion = "Xcode 3.2";
			developmentRegion = English;
			hasScannedForEncodings = 0;
			knownRegions = (
				en,
				Base,
			);
			mainGroup = CD7AD90F1F8E9B2900CEDA04;
			productRefGroup = CD7AD9191F8E9B2900CEDA04 /* Products */;
			projectDirPath = "";
			projectRoot = "";
			targets = (
				CD7AD9171F8E9B2900CEDA04 /* TravelReal */,
			);
		};
/* End PBXProject section */

/* Begin PBXResourcesBuildPhase section */
		CD7AD9161F8E9B2900CEDA04 /* Resources */ = {
			isa = PBXResourcesBuildPhase;
			buildActionMask = 2147483647;
			files = (
				CD7AD9261F8E9B2900CEDA04 /* LaunchScreen.storyboard in Resources */,
				CD7AD9321F8E9ECD00CEDA04 /* triple.png in Resources */,
				CD7AD9311F8E9ECD00CEDA04 /* twin.png in Resources */,
				CD7AD9231F8E9B2900CEDA04 /* Assets.xcassets in Resources */,
				CD7AD9211F8E9B2900CEDA04 /* Main.storyboard in Resources */,
				CD7AD9301F8E9ECD00CEDA04 /* family.png in Resources */,
			);
			runOnlyForDeploymentPostprocessing = 0;
		};
/* End PBXResourcesBuildPhase section */

/* Begin PBXSourcesBuildPhase section */
		CD7AD9141F8E9B2900CEDA04 /* Sources */ = {
			isa = PBXSourcesBuildPhase;
			buildActionMask = 2147483647;
			files = (
				CD7AD9361F8EA1FA00CEDA04 /* TripleViewController.swift in Sources */,
				CDC5CF041F8F6E5A003C25C5 /* LastViewController.swift in Sources */,
				CD7AD91E1F8E9B2900CEDA04 /* ViewController.swift in Sources */,
				CD7AD91C1F8E9B2900CEDA04 /* AppDelegate.swift in Sources */,
				CD7AD9341F8E9F4C00CEDA04 /* doubleViewController.swift in Sources */,
				CD7AD9381F8EA2E200CEDA04 /* FamilyViewController.swift in Sources */,
				CD7AD93A1F8EA47400CEDA04 /* ReserveViewController.swift in Sources */,
			);
			runOnlyForDeploymentPostprocessing = 0;
		};
/* End PBXSourcesBuildPhase section */

/* Begin PBXVariantGroup section */
		CD7AD91F1F8E9B2900CEDA04 /* Main.storyboard */ = {
			isa = PBXVariantGroup;
			children = (
				CD7AD9201F8E9B2900CEDA04 /* Base */,
			);
			name = Main.storyboard;
			sourceTree = "<group>";
		};
		CD7AD9241F8E9B2900CEDA04 /* LaunchScreen.storyboard */ = {
			isa = PBXVariantGroup;
			children = (
				CD7AD9251F8E9B2900CEDA04 /* Base */,
			);
			name = LaunchScreen.storyboard;
			sourceTree = "<group>";
		};
/* End PBXVariantGroup section */

/* Begin XCBuildConfiguration section */
		CD7AD9281F8E9B2900CEDA04 /* Debug */ = {
			isa = XCBuildConfiguration;
			buildSettings = {
				ALWAYS_SEARCH_USER_PATHS = NO;
				CLANG_ANALYZER_NONNULL = YES;
				CLANG_ANALYZER_NUMBER_OBJECT_CONVERSION = YES_AGGRESSIVE;
				CLANG_CXX_LANGUAGE_STANDARD = "gnu++0x";
				CLANG_CXX_LIBRARY = "libc++";
				CLANG_ENABLE_MODULES = YES;
				CLANG_ENABLE_OBJC_ARC = YES;
				CLANG_WARN_BOOL_CONVERSION = YES;
				CLANG_WARN_CONSTANT_CONVERSION = YES;
				CLANG_WARN_DIRECT_OBJC_ISA_USAGE = YES_ERROR;
				CLANG_WARN_DOCUMENTATION_COMMENTS = YES;
				CLANG_WARN_EMPTY_BODY = YES;
				CLANG_WARN_ENUM_CONVERSION = YES;
				CLANG_WARN_INFINITE_RECURSION = YES;
				CLANG_WARN_INT_CONVERSION = YES;
				CLANG_WARN_OBJC_ROOT_CLASS = YES_ERROR;
				CLANG_WARN_SUSPICIOUS_MOVE = YES;
				CLANG_WARN_UNREACHABLE_CODE = YES;
				CLANG_WARN__DUPLICATE_METHOD_MATCH = YES;
				"CODE_SIGN_IDENTITY[sdk=iphoneos*]" = "iPhone Developer";
				COPY_PHASE_STRIP = NO;
				DEBUG_INFORMATION_FORMAT = dwarf;
				ENABLE_STRICT_OBJC_MSGSEND = YES;
				ENABLE_TESTABILITY = YES;
				GCC_C_LANGUAGE_STANDARD = gnu99;
				GCC_DYNAMIC_NO_PIC = NO;
				GCC_NO_COMMON_BLOCKS = YES;
				GCC_OPTIMIZATION_LEVEL = 0;
				GCC_PREPROCESSOR_DEFINITIONS = (
					"DEBUG=1",
					"$(inherited)",
				);
				GCC_WARN_64_TO_32_BIT_CONVERSION = YES;
				GCC_WARN_ABOUT_RETURN_TYPE = YES_ERROR;
				GCC_WARN_UNDECLARED_SELECTOR = YES;
				GCC_WARN_UNINITIALIZED_AUTOS = YES_AGGRESSIVE;
				GCC_WARN_UNUSED_FUNCTION = YES;
				GCC_WARN_UNUSED_VARIABLE = YES;
				IPHONEOS_DEPLOYMENT_TARGET = 10.3;
				MTL_ENABLE_DEBUG_INFO = YES;
				ONLY_ACTIVE_ARCH = YES;
				SDKROOT = iphoneos;
				SWIFT_ACTIVE_COMPILATION_CONDITIONS = DEBUG;
				SWIFT_OPTIMIZATION_LEVEL = "-Onone";
			};
			name = Debug;
		};
		CD7AD9291F8E9B2900CEDA04 /* Release */ = {
			isa = XCBuildConfiguration;
			buildSettings = {
				ALWAYS_SEARCH_USER_PATHS = NO;
				CLANG_ANALYZER_NONNULL = YES;
				CLANG_ANALYZER_NUMBER_OBJECT_CONVERSION = YES_AGGRESSIVE;
				CLANG_CXX_LANGUAGE_STANDARD = "gnu++0x";
				CLANG_CXX_LIBRARY = "libc++";
				CLANG_ENABLE_MODULES = YES;
				CLANG_ENABLE_OBJC_ARC = YES;
				CLANG_WARN_BOOL_CONVERSION = YES;
				CLANG_WARN_CONSTANT_CONVERSION = YES;
				CLANG_WARN_DIRECT_OBJC_ISA_USAGE = YES_ERROR;
				CLANG_WARN_DOCUMENTATION_COMMENTS = YES;
				CLANG_WARN_EMPTY_BODY = YES;
				CLANG_WARN_ENUM_CONVERSION = YES;
				CLANG_WARN_INFINITE_RECURSION = YES;
				CLANG_WARN_INT_CONVERSION = YES;
				CLANG_WARN_OBJC_ROOT_CLASS = YES_ERROR;
				CLANG_WARN_SUSPICIOUS_MOVE = YES;
				CLANG_WARN_UNREACHABLE_CODE = YES;
				CLANG_WARN__DUPLICATE_METHOD_MATCH = YES;
				"CODE_SIGN_IDENTITY[sdk=iphoneos*]" = "iPhone Developer";
				COPY_PHASE_STRIP = NO;
				DEBUG_INFORMATION_FORMAT = "dwarf-with-dsym";
				ENABLE_NS_ASSERTIONS = NO;
				ENABLE_STRICT_OBJC_MSGSEND = YES;
				GCC_C_LANGUAGE_STANDARD = gnu99;
				GCC_NO_COMMON_BLOCKS = YES;
				GCC_WARN_64_TO_32_BIT_CONVERSION = YES;
				GCC_WARN_ABOUT_RETURN_TYPE = YES_ERROR;
				GCC_WARN_UNDECLARED_SELECTOR = YES;
				GCC_WARN_UNINITIALIZED_AUTOS = YES_AGGRESSIVE;
				GCC_WARN_UNUSED_FUNCTION = YES;
				GCC_WARN_UNUSED_VARIABLE = YES;
				IPHONEOS_DEPLOYMENT_TARGET = 10.3;
				MTL_ENABLE_DEBUG_INFO = NO;
				SDKROOT = iphoneos;
				SWIFT_OPTIMIZATION_LEVEL = "-Owholemodule";
				VALIDATE_PRODUCT = YES;
			};
			name = Release;
		};
		CD7AD92B1F8E9B2900CEDA04 /* Debug */ = {
			isa = XCBuildConfiguration;
			buildSettings = {
				ASSETCATALOG_COMPILER_APPICON_NAME = AppIcon;
				INFOPLIST_FILE = TravelReal/Info.plist;
				LD_RUNPATH_SEARCH_PATHS = "$(inherited) @executable_path/Frameworks";
				PRODUCT_BUNDLE_IDENTIFIER = swu.ac.kr.TravelReal;
				PRODUCT_NAME = "$(TARGET_NAME)";
				SWIFT_VERSION = 3.0;
			};
			name = Debug;
		};
		CD7AD92C1F8E9B2900CEDA04 /* Release */ = {
			isa = XCBuildConfiguration;
			buildSettings = {
				ASSETCATALOG_COMPILER_APPICON_NAME = AppIcon;
				INFOPLIST_FILE = TravelReal/Info.plist;
				LD_RUNPATH_SEARCH_PATHS = "$(inherited) @executable_path/Frameworks";
				PRODUCT_BUNDLE_IDENTIFIER = swu.ac.kr.TravelReal;
				PRODUCT_NAME = "$(TARGET_NAME)";
				SWIFT_VERSION = 3.0;
			};
			name = Release;
		};
/* End XCBuildConfiguration section */

/* Begin XCConfigurationList section */
		CD7AD9131F8E9B2900CEDA04 /* Build configuration list for PBXProject "TravelReal" */ = {
			isa = XCConfigurationList;
			buildConfigurations = (
				CD7AD9281F8E9B2900CEDA04 /* Debug */,
				CD7AD9291F8E9B2900CEDA04 /* Release */,
			);
			defaultConfigurationIsVisible = 0;
			defaultConfigurationName = Release;
		};
		CD7AD92A1F8E9B2900CEDA04 /* Build configuration list for PBXNativeTarget "TravelReal" */ = {
			isa = XCConfigurationList;
			buildConfigurations = (
				CD7AD92B1F8E9B2900CEDA04 /* Debug */,
				CD7AD92C1F8E9B2900CEDA04 /* Release */,
			);
			defaultConfigurationIsVisible = 0;
			defaultConfigurationName = Release;
		};
/* End XCConfigurationList section */
	};
	rootObject = CD7AD9101F8E9B2900CEDA04 /* Project object */;
}
